{
  "name": "diagnosekoder",
  "lockfileVersion": 3,
  "requires": true,
  "packages": {
    "": {
      "name": "diagnosekoder",
      "workspaces": [
        "packages/diagnosekode-generator",
        "packages/@navikt/diagnosekoder"
      ],
      "peerDependencies": {
        "typescript": "^5.0.0"
      }
    },
    "node_modules/@fastify/busboy": {
      "version": "2.0.0",
      "resolved": "https://registry.npmjs.org/@fastify/busboy/-/busboy-2.0.0.tgz",
      "integrity": "sha512-JUFJad5lv7jxj926GPgymrWQxxjPYuJNiNjNMzqT+HiuP6Vl3dk5xzG+8sTX96np0ZAluvaMzPsjhHZ5rNuNQQ==",
      "dev": true,
      "engines": {
        "node": ">=14"
      }
    },
    "node_modules/@navikt/diagnosekoder": {
      "resolved": "packages/@navikt/diagnosekoder",
      "link": true
    },
    "node_modules/@rollup/plugin-json": {
      "version": "6.0.1",
      "resolved": "https://registry.npmjs.org/@rollup/plugin-json/-/plugin-json-6.0.1.tgz",
      "integrity": "sha512-RgVfl5hWMkxN1h/uZj8FVESvPuBJ/uf6ly6GTj0GONnkfoBN5KC0MSz+PN2OLDgYXMhtG0mWpTrkiOjoxAIevw==",
      "dev": true,
      "dependencies": {
        "@rollup/pluginutils": "^5.0.1"
      },
      "engines": {
        "node": ">=14.0.0"
      },
      "peerDependencies": {
        "rollup": "^1.20.0||^2.0.0||^3.0.0||^4.0.0"
      },
      "peerDependenciesMeta": {
        "rollup": {
          "optional": true
        }
      }
    },
    "node_modules/@rollup/pluginutils": {
      "version": "5.0.2",
      "resolved": "https://registry.npmjs.org/@rollup/pluginutils/-/pluginutils-5.0.2.tgz",
      "integrity": "sha512-pTd9rIsP92h+B6wWwFbW8RkZv4hiR/xKsqre4SIuAOaOEQRxi0lqLke9k2/7WegC85GgUs9pjmOjCUi3In4vwA==",
      "dev": true,
      "dependencies": {
        "@types/estree": "^1.0.0",
        "estree-walker": "^2.0.2",
        "picomatch": "^2.3.1"
      },
      "engines": {
        "node": ">=14.0.0"
      },
      "peerDependencies": {
        "rollup": "^1.20.0||^2.0.0||^3.0.0"
      },
      "peerDependenciesMeta": {
        "rollup": {
          "optional": true
        }
      }
    },
    "node_modules/@types/estree": {
      "version": "1.0.1",
      "resolved": "https://registry.npmjs.org/@types/estree/-/estree-1.0.1.tgz",
      "integrity": "sha512-LG4opVs2ANWZ1TJoKc937iMmNstM/d0ae1vNbnBvBhqCSezgVUOzcLCqbI5elV8Vy6WKwKjaqR+zO9VKirBBCA==",
      "dev": true
    },
    "node_modules/@types/node": {
      "version": "20.6.3",
      "resolved": "https://registry.npmjs.org/@types/node/-/node-20.6.3.tgz",
      "integrity": "sha512-HksnYH4Ljr4VQgEy2lTStbCKv/P590tmPe5HqOnv9Gprffgv5WXAY+Y5Gqniu0GGqeTCUdBnzC3QSrzPkBkAMA==",
      "dev": true
    },
    "node_modules/diagnosekode-generator": {
      "resolved": "packages/diagnosekode-generator",
      "link": true
    },
    "node_modules/estree-walker": {
      "version": "2.0.2",
      "resolved": "https://registry.npmjs.org/estree-walker/-/estree-walker-2.0.2.tgz",
      "integrity": "sha512-Rfkk/Mp/DL7JVje3u18FxFujQlTNR2q6QfMSMB7AvCBx91NGj/ba3kCfza0f6dVDbw7YlRf/nDrn7pQrCCyQ/w==",
      "dev": true
    },
    "node_modules/fsevents": {
      "version": "2.3.2",
      "resolved": "https://registry.npmjs.org/fsevents/-/fsevents-2.3.2.tgz",
      "integrity": "sha512-xiqMQR4xAeHTuB9uWm+fFRcIOgKBMiOBP+eXiyT7jsgVCq1bkVygt00oASowB7EdtpOHaaPgKt812P9ab+DDKA==",
      "dev": true,
      "hasInstallScript": true,
      "optional": true,
      "os": [
        "darwin"
      ],
      "engines": {
        "node": "^8.16.0 || ^10.6.0 || >=11.0.0"
      }
    },
    "node_modules/node-xlsx": {
      "version": "0.23.0",
      "resolved": "https://registry.npmjs.org/node-xlsx/-/node-xlsx-0.23.0.tgz",
      "integrity": "sha512-r3KaSZSsSrK92rbPXnX/vDdxURmPPik0rjJ3A+Pybzpjyrk4G6WyGfj8JIz5dMMEpCmWVpmO4qoVPBxnpLv/8Q==",
      "dependencies": {
        "xlsx": "https://cdn.sheetjs.com/xlsx-0.19.3/xlsx-0.19.3.tgz"
      },
      "bin": {
        "node-xlsx": "lib/bin/cli.js"
      },
      "engines": {
        "node": ">=10.0.0"
      }
    },
    "node_modules/picomatch": {
      "version": "2.3.1",
      "resolved": "https://registry.npmjs.org/picomatch/-/picomatch-2.3.1.tgz",
      "integrity": "sha512-JU3teHTNjmE2VCGFzuY8EXzCDVwEqB2a8fsIvwaStHhAWJEeVd1o1QD80CU6+ZdEXXSLbSsuLwJjkCBWqRQUVA==",
      "dev": true,
      "engines": {
        "node": ">=8.6"
      },
      "funding": {
        "url": "https://github.com/sponsors/jonschlinkert"
      }
    },
    "node_modules/rollup": {
      "version": "3.29.2",
      "resolved": "https://registry.npmjs.org/rollup/-/rollup-3.29.2.tgz",
      "integrity": "sha512-CJouHoZ27v6siztc21eEQGo0kIcE5D1gVPA571ez0mMYb25LGYGKnVNXpEj5MGlepmDWGXNjDB5q7uNiPHC11A==",
      "dev": true,
      "bin": {
        "rollup": "dist/bin/rollup"
      },
      "engines": {
        "node": ">=14.18.0",
        "npm": ">=8.0.0"
      },
      "optionalDependencies": {
        "fsevents": "~2.3.2"
      }
    },
    "node_modules/typescript": {
      "version": "5.2.2",
      "resolved": "https://registry.npmjs.org/typescript/-/typescript-5.2.2.tgz",
      "integrity": "sha512-mI4WrpHsbCIcwT9cF4FZvr80QUeKvsUsUvKDoR+X/7XHQH98xYD8YHZg7ANtz2GtZt/CBq2QJ0thkGJMHfqc1w==",
      "bin": {
        "tsc": "bin/tsc",
        "tsserver": "bin/tsserver"
      },
      "engines": {
        "node": ">=14.17"
      }
    },
    "node_modules/undici": {
      "version": "5.28.2",
      "resolved": "https://registry.npmjs.org/undici/-/undici-5.28.2.tgz",
      "integrity": "sha512-wh1pHJHnUeQV5Xa8/kyQhO7WFa8M34l026L5P/+2TYiakvGy5Rdc8jWZVyG7ieht/0WgJLEd3kcU5gKx+6GC8w==",
      "dev": true,
      "dependencies": {
        "@fastify/busboy": "^2.0.0"
      },
      "engines": {
        "node": ">=14.0"
      }
    },
    "node_modules/xlsx": {
      "version": "0.19.3",
      "resolved": "https://cdn.sheetjs.com/xlsx-0.19.3/xlsx-0.19.3.tgz",
      "integrity": "sha512-8IfgFctB7fkvqkTGF2MnrDrC6vzE28Wcc1aSbdDQ+4/WFtzfS73YuapbuaPZwGqpR2e0EeDMIrFOJubQVLWFNA==",
      "license": "Apache-2.0",
      "bin": {
        "xlsx": "bin/xlsx.njs"
      },
      "engines": {
        "node": ">=0.8"
      }
    },
    "packages/@navikt/diagnosekoder": {
      "version": "1.2023.0",
      "license": "MIT",
      "devDependencies": {
        "@rollup/plugin-json": "^6.0.1",
        "rollup": "^3.29.2",
        "typescript": "^5.2.2"
      }
    },
    "packages/diagnosekode-generator": {
      "version": "1.0.0",
      "license": "MIT",
      "dependencies": {
        "@navikt/diagnosekoder": "^1.3.0",
        "node-xlsx": "^0.23.0"
      },
      "devDependencies": {
        "@types/node": "^20.6.3",
        "typescript": "^5.2.2",
        "undici": "^5.28.2"
      },
      "engines": {
        "node": ">= 18"
      }
    }
  }
}
